
Microsoft Visual Studio Solution File, Format Version 12.00
# Visual Studio Version 16
VisualStudioVersion = 16.0.30413.136
MinimumVisualStudioVersion = 10.0.40219.1
Project("{FAE04EC0-301F-11D3-BF4B-00C04F79EFBC}") = "Syn.Speech.Test", "Syn.Speech.Test\Syn.Speech.Test.csproj", "{7A4E8087-CE6C-4E88-AD71-ADBEBE90F7D8}"
EndProject
Project("{9A19103F-16F7-4668-BE54-9A1E7A4F7556}") = "Syn.Speech", "Syn.Speech\Syn.Speech.csproj", "{867E59C6-DB28-4BCF-A1FB-791276167F2A}"
EndProject
Global
	GlobalSection(SolutionConfigurationPlatforms) = preSolution
		Debug|Any CPU = Debug|Any CPU
		Release|Any CPU = Release|Any CPU
	EndGlobalSection
	GlobalSection(ProjectConfigurationPlatforms) = postSolution
		{7A4E8087-CE6C-4E88-AD71-ADBEBE90F7D8}.Debug|Any CPU.ActiveCfg = Debug|Any CPU
		{7A4E8087-CE6C-4E88-AD71-ADBEBE90F7D8}.Debug|Any CPU.Build.0 = Debug|Any CPU
		{7A4E8087-CE6C-4E88-AD71-ADBEBE90F7D8}.Release|Any CPU.ActiveCfg = Release|Any CPU
		{7A4E8087-CE6C-4E88-AD71-ADBEBE90F7D8}.Release|Any CPU.Build.0 = Release|Any CPU
		{867E59C6-DB28-4BCF-A1FB-791276167F2A}.Debug|Any CPU.ActiveCfg = Debug|Any CPU
		{867E59C6-DB28-4BCF-A1FB-791276167F2A}.Debug|Any CPU.Build.0 = Debug|Any CPU
		{867E59C6-DB28-4BCF-A1FB-791276167F2A}.Release|Any CPU.ActiveCfg = Release|Any CPU
		{867E59C6-DB28-4BCF-A1FB-791276167F2A}.Release|Any CPU.Build.0 = Release|Any CPU
	EndGlobalSection
	GlobalSection(SolutionProperties) = preSolution
		HideSolutionNode = FALSE
	EndGlobalSection
	GlobalSection(ExtensibilityGlobals) = postSolution
		SolutionGuid = {E890168D-47DE-454A-9BBB-ABFF4463EDA6}
	EndGlobalSection
EndGlobal
